
Microsoft Visual Studio Solution File, Format Version 12.00
# Visual Studio Version 17
VisualStudioVersion = 17.14.36429.23 d17.14
MinimumVisualStudioVersion = 10.0.40219.1
Project("{FAE04EC0-301F-11D3-BF4B-00C04F79EFBC}") = "HTTP_Status", "HTTP_Status\HTTP_Status.csproj", "{F8FFF468-2F0B-40B7-9D67-6C100E11E986}"
EndProject
Global
	GlobalSection(SolutionConfigurationPlatforms) = preSolution
		Debug|Any CPU = Debug|Any CPU
		Release|Any CPU = Release|Any CPU
	EndGlobalSection
	GlobalSection(ProjectConfigurationPlatforms) = postSolution
		{F8FFF468-2F0B-40B7-9D67-6C100E11E986}.Debug|Any CPU.ActiveCfg = Debug|Any CPU
		{F8FFF468-2F0B-40B7-9D67-6C100E11E986}.Debug|Any CPU.Build.0 = Debug|Any CPU
		{F8FFF468-2F0B-40B7-9D67-6C100E11E986}.Release|Any CPU.ActiveCfg = Release|Any CPU
		{F8FFF468-2F0B-40B7-9D67-6C100E11E986}.Release|Any CPU.Build.0 = Release|Any CPU
	EndGlobalSection
	GlobalSection(SolutionProperties) = preSolution
		HideSolutionNode = FALSE
	EndGlobalSection
	GlobalSection(ExtensibilityGlobals) = postSolution
		SolutionGuid = {96426BDD-4E06-411B-B013-546C8E634808}
	EndGlobalSection
EndGlobal
